{
  "nodes": {
    "nixpkgs": {
      "locked": {
        "lastModified": 1613727431,
        "narHash": "sha256-1tYB8vlZdHWokJwSV3hxLprf1MsrBMyvnPZz41BClLs=",
        "owner": "NixOS",
        "repo": "nixpkgs",
        "rev": "ad4db3f4d8ae54482c63c31c14921cb73953548d",
        "type": "github"
      },
      "original": {
        "id": "nixpkgs",
        "type": "indirect"
      }
    },
    "root": {
      "inputs": {
        "nixpkgs": "nixpkgs"
      }
    }
  },
  "root": "root",
  "version": 7
}
